lockfileVersion: '6.0'

settings:
  autoInstallPeers: true
  excludeLinksFromLockfile: false

dependencies:
  canvas-gauges:
    specifier: ^2.1.7
    version: 2.1.7

packages:

  /canvas-gauges@2.1.7:
    resolution: {integrity: sha512-z9cXBVTZdaUIOh32g21NU8gwxEeaxpEMvkZr9t8Y0QDbZiCDq05SJ17aIt+DM12oTJAlWGluN21D+bQ0NCv5GA==}
    dev: false
